PODS:
  - AppAuth (1.7.6):
    - AppAuth/Core (= 1.7.6)
    - AppAuth/ExternalUserAgent (= 1.7.6)
  - AppAuth/Core (1.7.6)
  - AppAuth/ExternalUserAgent (1.7.6):
    - AppAuth/Core
  - Capacitor (8.0.2):
    - CapacitorCordova
  - CapacitorCordova (8.0.2)
  - GoogleSignIn (6.2.4):
    - AppAuth (~> 1.5)
    - GTMAppAuth (~> 1.3)
    - GTMSessionFetcher/Core (< 3.0, >= 1.1)
  - GTMAppAuth (1.3.1):
    - AppAuth/Core (~> 1.6)
    - GTMSessionFetcher/Core (< 3.0, >= 1.5)
  - GTMSessionFetcher/Core (2.3.0)
  - SouthdevsCapacitorGoogleAuth (0.0.1):
    - Capacitor
    - GoogleSignIn (~> 6.2.4)

DEPENDENCIES:
  - "SouthdevsCapacitorGoogleAuth (from `../../node_modules/@southdevs/capacitor-google-auth`)"

SPEC REPOS:
  trunk:
    - AppAuth
    - Capacitor
    - CapacitorCordova
    - GoogleSignIn
    - GTMAppAuth
    - GTMSessionFetcher

EXTERNAL SOURCES:
  SouthdevsCapacitorGoogleAuth:
    :path: "../../node_modules/@southdevs/capacitor-google-auth"

SPEC CHECKSUMS:
  AppAuth: d4f13a8fe0baf391b2108511793e4b479691fb73
  Capacitor: cd5a5e3ad0760dd32d45f84d09bd2bfe20a58799
  CapacitorCordova: 2e3d1186f05f475e69c80ef3bf72af718cafac9d
  GoogleSignIn: 5651ce3a61e56ca864160e79b484cd9ed3f49b7a
  GTMAppAuth: 0ff230db599948a9ad7470ca667337803b3fc4dd
  GTMSessionFetcher: 3a63d75eecd6aa32c2fc79f578064e1214dfdec2
  SouthdevsCapacitorGoogleAuth: 6488c21faed47c2cf72404bfbfc0fe0e9af766bc

PODFILE CHECKSUM: 72cc7bd6a60d5a71910e1088fdbdf96d60569328

COCOAPODS: 1.16.2
